
Microsoft Visual Studio Solution File, Format Version 12.00
# Visual Studio Version 16
VisualStudioVersion = 16.0.29728.190
MinimumVisualStudioVersion = 10.0.40219.1
Project("{FAE04EC0-301F-11D3-BF4B-00C04F79EFBC}") = "GradeBook", "GradeBook\GradeBook.csproj", "{552E5AF8-69C0-46B4-B5D0-1EE00A5C32BD}"
EndProject
Project("{FAE04EC0-301F-11D3-BF4B-00C04F79EFBC}") = "XUnitGradeBook", "XUnitGradeBook\XUnitGradeBook.csproj", "{9C78111B-1B18-4081-9C54-52D71E5303F4}"
EndProject
Global
	GlobalSection(SolutionConfigurationPlatforms) = preSolution
		Debug|Any CPU = Debug|Any CPU
		Release|Any CPU = Release|Any CPU
	EndGlobalSection
	GlobalSection(ProjectConfigurationPlatforms) = postSolution
		{552E5AF8-69C0-46B4-B5D0-1EE00A5C32BD}.Debug|Any CPU.ActiveCfg = Debug|Any CPU
		{552E5AF8-69C0-46B4-B5D0-1EE00A5C32BD}.Debug|Any CPU.Build.0 = Debug|Any CPU
		{552E5AF8-69C0-46B4-B5D0-1EE00A5C32BD}.Release|Any CPU.ActiveCfg = Release|Any CPU
		{552E5AF8-69C0-46B4-B5D0-1EE00A5C32BD}.Release|Any CPU.Build.0 = Release|Any CPU
		{9C78111B-1B18-4081-9C54-52D71E5303F4}.Debug|Any CPU.ActiveCfg = Debug|Any CPU
		{9C78111B-1B18-4081-9C54-52D71E5303F4}.Debug|Any CPU.Build.0 = Debug|Any CPU
		{9C78111B-1B18-4081-9C54-52D71E5303F4}.Release|Any CPU.ActiveCfg = Release|Any CPU
		{9C78111B-1B18-4081-9C54-52D71E5303F4}.Release|Any CPU.Build.0 = Release|Any CPU
	EndGlobalSection
	GlobalSection(SolutionProperties) = preSolution
		HideSolutionNode = FALSE
	EndGlobalSection
	GlobalSection(ExtensibilityGlobals) = postSolution
		SolutionGuid = {7B12D9E2-F1E0-4703-9310-962777AC7F50}
	EndGlobalSection
EndGlobal
